{
  "name": "foundation-libsass-template",
  "version": "0.0.1",
  "dependencies": {
      "grunt-uncss" : {
            "version": "0.4.4",
            "from": "grunt-uncss",
            "dependencies": {
                "uncss": {  
                    "version": "0.10.0"
                }
            }
        }
    }
}
